// !$*UTF8*$!
{
	archiveVersion = 1;
	classes = {
	};
	objectVersion = 77;
	objects = {

/* Begin PBXBuildFile section */
		0C6D561AC40B7343337D202F /* tab_analyze.png in Resources */ = {isa = PBXBuildFile; fileRef = F50E5FF23032146E3A292AD6 /* tab_analyze.png */; };
		0EA313D6361D30DCE774DEED /* test_clip.mov in Resources */ = {isa = PBXBuildFile; fileRef = C643EFA9344D902C42FD04D2 /* test_clip.mov */; };
		17099357054F7EADBF9D96C0 /* glimmer_wordmark.png in Resources */ = {isa = PBXBuildFile; fileRef = 5D63935F0D5A7EC7D8030E30 /* glimmer_wordmark.png */; };
		1C87BCF868601F3FF000F31B /* duck.png in Resources */ = {isa = PBXBuildFile; fileRef = F4BF7553A935DE14359D6A4D /* duck.png */; };
		2890875578FB78992985DF2B /* test_clip.mov in Resources */ = {isa = PBXBuildFile; fileRef = C643EFA9344D902C42FD04D2 /* test_clip.mov */; };
		2C97FDC5462D22708F4887BC /* GemmaScreenHostApp.swift in Sources */ = {isa = PBXBuildFile; fileRef = 150E0CEEB930B1786D250C61 /* GemmaScreenHostApp.swift */; };
		2ED00D40178DB4E4CBB85750 /* tab_analyze.png in Resources */ = {isa = PBXBuildFile; fileRef = F50E5FF23032146E3A292AD6 /* tab_analyze.png */; };
		337627828D4C4D4DFAD068B9 /* star_splash.png in Resources */ = {isa = PBXBuildFile; fileRef = 064EEA933D0BD0289350339A /* star_splash.png */; };
		3CC7C6B5AF84B8D5EAACC325 /* GlimmerGalleryApp.swift in Sources */ = {isa = PBXBuildFile; fileRef = E543F4878CF2171E0F6227A6 /* GlimmerGalleryApp.swift */; };
		3DD2EDF851AE10066B011469 /* mmproj-bf16.gguf in Resources */ = {isa = PBXBuildFile; fileRef = 1EDBAD964B4B84A97B71E8C2 /* mmproj-bf16.gguf */; };
		3FA653710877C76EB3835E9E /* star_peek.png in Resources */ = {isa = PBXBuildFile; fileRef = C35ECF0F26AFD4E596376922 /* star_peek.png */; };
		41C9E98F74C555BB594028BB /* GlimmerIOS in Frameworks */ = {isa = PBXBuildFile; productRef = 6978095DF4877832B6B17915 /* GlimmerIOS */; };
		484A01B7FDDEA11C83037D8E /* sample_pos.jpg in Resources */ = {isa = PBXBuildFile; fileRef = E9B954A2566A00FE2757E870 /* sample_pos.jpg */; };
		4FA78C29074F5FCC0BBCF182 /* sample_neg.jpg in Resources */ = {isa = PBXBuildFile; fileRef = 5269FACE3367A18D5A595080 /* sample_neg.jpg */; };
		5742BAC182CC49572C7F4FEA /* phone_rec.png in Resources */ = {isa = PBXBuildFile; fileRef = CBAA3B8AF240F08677D969D3 /* phone_rec.png */; };
		64DA93B2BD00B4DE6965AB8F /* icon_menu.png in Resources */ = {isa = PBXBuildFile; fileRef = 8588D48E122BDF6327DAACE7 /* icon_menu.png */; };
		72E3E77888ED32AA91A4C50D /* icon_play.png in Resources */ = {isa = PBXBuildFile; fileRef = E8C4C001A784680AC1D05D34 /* icon_play.png */; };
		75E64E4838C13039D92D51C0 /* glimmer_wordmark.png in Resources */ = {isa = PBXBuildFile; fileRef = 5D63935F0D5A7EC7D8030E30 /* glimmer_wordmark.png */; };
		7A43840627DEE10379D4A41B /* icon_play.png in Resources */ = {isa = PBXBuildFile; fileRef = E8C4C001A784680AC1D05D34 /* icon_play.png */; };
		824AF9D8AB67861A91F6B9B4 /* mmproj-bf16.gguf in Resources */ = {isa = PBXBuildFile; fileRef = 1EDBAD964B4B84A97B71E8C2 /* mmproj-bf16.gguf */; };
		82702FE9D1786C6A5755D8A3 /* icon_ai_small.png in Resources */ = {isa = PBXBuildFile; fileRef = 9396676C1D70309187F7B3B8 /* icon_ai_small.png */; };
		8496FA155CAAF2DFF67C2CEF /* GlimmerIOS in Frameworks */ = {isa = PBXBuildFile; productRef = A6EB668DD5DD39CE5114C3AA /* GlimmerIOS */; };
		89B4898C8495042EE10F9014 /* model-Q4_K_M.gguf in Resources */ = {isa = PBXBuildFile; fileRef = 24A64C1E7E2435E60BA79368 /* model-Q4_K_M.gguf */; };
		96FA8C7C5CD1A7232B5512D4 /* star_knob.png in Resources */ = {isa = PBXBuildFile; fileRef = 80DB9C005589768339E7D5B7 /* star_knob.png */; };
		A79C0CAA6120275C177EC8B9 /* star_peek.png in Resources */ = {isa = PBXBuildFile; fileRef = C35ECF0F26AFD4E596376922 /* star_peek.png */; };
		A7F0F0C795BDA285FD6F7343 /* light_beam.png in Resources */ = {isa = PBXBuildFile; fileRef = A2ED7CCDE95191949FDD446A /* light_beam.png */; };
		AFE5FA9B02CB178334458C0C /* tab_report.png in Resources */ = {isa = PBXBuildFile; fileRef = 233EA42F67E52DD518BB4765 /* tab_report.png */; };
		B39CBCE20A86B0C7E989EB5E /* icon_ai_small.png in Resources */ = {isa = PBXBuildFile; fileRef = 9396676C1D70309187F7B3B8 /* icon_ai_small.png */; };
		B67A68B827E602D1A3F71F7E /* phone.png in Resources */ = {isa = PBXBuildFile; fileRef = 228261E7D56C871809233EF5 /* phone.png */; };
		BA8E07EB1CCD3216B123B8F2 /* phone.png in Resources */ = {isa = PBXBuildFile; fileRef = 228261E7D56C871809233EF5 /* phone.png */; };
		BBED955BD0A708330945F041 /* icon_chevron_back.png in Resources */ = {isa = PBXBuildFile; fileRef = E2525E46FB962B31E88E2FAE /* icon_chevron_back.png */; };
		C29FA99498FC95B977A6516B /* icon_chevron_back.png in Resources */ = {isa = PBXBuildFile; fileRef = E2525E46FB962B31E88E2FAE /* icon_chevron_back.png */; };
		D0AC16EA3FB450FB4C9588FA /* phone_rec.png in Resources */ = {isa = PBXBuildFile; fileRef = CBAA3B8AF240F08677D969D3 /* phone_rec.png */; };
		DF0C897BB2395454BF8FEC0C /* star_knob.png in Resources */ = {isa = PBXBuildFile; fileRef = 80DB9C005589768339E7D5B7 /* star_knob.png */; };
		E11E930FAA063C2AEBB5B6F3 /* sample_pos.jpg in Resources */ = {isa = PBXBuildFile; fileRef = E9B954A2566A00FE2757E870 /* sample_pos.jpg */; };
		F4EB7B2209ED64CDFAACA2EF /* light_beam.png in Resources */ = {isa = PBXBuildFile; fileRef = A2ED7CCDE95191949FDD446A /* light_beam.png */; };
		F634262A13061BFB96E804EE /* tab_report.png in Resources */ = {isa = PBXBuildFile; fileRef = 233EA42F67E52DD518BB4765 /* tab_report.png */; };
		F6DAFC7839E8D6425CEC58DB /* star_splash.png in Resources */ = {isa = PBXBuildFile; fileRef = 064EEA933D0BD0289350339A /* star_splash.png */; };
		F85D88D398B677E48AA11384 /* model-Q4_K_M.gguf in Resources */ = {isa = PBXBuildFile; fileRef = 24A64C1E7E2435E60BA79368 /* model-Q4_K_M.gguf */; };
		F9481640D1429695645FBBB3 /* duck.png in Resources */ = {isa = PBXBuildFile; fileRef = F4BF7553A935DE14359D6A4D /* duck.png */; };
		FDA3DB1B43BACDD4A14C1868 /* icon_menu.png in Resources */ = {isa = PBXBuildFile; fileRef = 8588D48E122BDF6327DAACE7 /* icon_menu.png */; };
		FF47FB7DE6E3AF3D6887380E /* sample_neg.jpg in Resources */ = {isa = PBXBuildFile; fileRef = 5269FACE3367A18D5A595080 /* sample_neg.jpg */; };
/* End PBXBuildFile section */

/* Begin PBXFileReference section */
		064EEA933D0BD0289350339A /* star_splash.png */ = {isa = PBXFileReference; lastKnownFileType = image.png; path = star_splash.png; sourceTree = "<group>"; };
		0FD27B70134137C85DC9BB3A /* GemmaScreen.entitlements */ = {isa = PBXFileReference; lastKnownFileType = text.plist.entitlements; path = GemmaScreen.entitlements; sourceTree = "<group>"; };
		150E0CEEB930B1786D250C61 /* GemmaScreenHostApp.swift */ = {isa = PBXFileReference; lastKnownFileType = sourcecode.swift; path = GemmaScreenHostApp.swift; sourceTree = "<group>"; };
		1EDBAD964B4B84A97B71E8C2 /* mmproj-bf16.gguf */ = {isa = PBXFileReference; path = "mmproj-bf16.gguf"; sourceTree = "<group>"; };
		228261E7D56C871809233EF5 /* phone.png */ = {isa = PBXFileReference; lastKnownFileType = image.png; path = phone.png; sourceTree = "<group>"; };
		233EA42F67E52DD518BB4765 /* tab_report.png */ = {isa = PBXFileReference; lastKnownFileType = image.png; path = tab_report.png; sourceTree = "<group>"; };
		24A64C1E7E2435E60BA79368 /* model-Q4_K_M.gguf */ = {isa = PBXFileReference; path = "model-Q4_K_M.gguf"; sourceTree = "<group>"; };
		3419208DA37B81490B0596DA /* GemmaScreen.app */ = {isa = PBXFileReference; includeInIndex = 0; lastKnownFileType = wrapper.application; path = GemmaScreen.app; sourceTree = BUILT_PRODUCTS_DIR; };
		4B1768EB679DCA829DD213F3 /* ios */ = {isa = PBXFileReference; lastKnownFileType = folder; name = ios; path = .; sourceTree = SOURCE_ROOT; };
		5269FACE3367A18D5A595080 /* sample_neg.jpg */ = {isa = PBXFileReference; lastKnownFileType = image.jpeg; path = sample_neg.jpg; sourceTree = "<group>"; };
		5D63935F0D5A7EC7D8030E30 /* glimmer_wordmark.png */ = {isa = PBXFileReference; lastKnownFileType = image.png; path = glimmer_wordmark.png; sourceTree = "<group>"; };
		80DB9C005589768339E7D5B7 /* star_knob.png */ = {isa = PBXFileReference; lastKnownFileType = image.png; path = star_knob.png; sourceTree = "<group>"; };
		8588D48E122BDF6327DAACE7 /* icon_menu.png */ = {isa = PBXFileReference; lastKnownFileType = image.png; path = icon_menu.png; sourceTree = "<group>"; };
		9396676C1D70309187F7B3B8 /* icon_ai_small.png */ = {isa = PBXFileReference; lastKnownFileType = image.png; path = icon_ai_small.png; sourceTree = "<group>"; };
		9C6D5993D5439A74A1484691 /* Info.plist */ = {isa = PBXFileReference; lastKnownFileType = text.plist; path = Info.plist; sourceTree = "<group>"; };
		A2ED7CCDE95191949FDD446A /* light_beam.png */ = {isa = PBXFileReference; lastKnownFileType = image.png; path = light_beam.png; sourceTree = "<group>"; };
		C35ECF0F26AFD4E596376922 /* star_peek.png */ = {isa = PBXFileReference; lastKnownFileType = image.png; path = star_peek.png; sourceTree = "<group>"; };
		C643EFA9344D902C42FD04D2 /* test_clip.mov */ = {isa = PBXFileReference; lastKnownFileType = video.quicktime; path = test_clip.mov; sourceTree = "<group>"; };
		CBAA3B8AF240F08677D969D3 /* phone_rec.png */ = {isa = PBXFileReference; lastKnownFileType = image.png; path = phone_rec.png; sourceTree = "<group>"; };
		E2525E46FB962B31E88E2FAE /* icon_chevron_back.png */ = {isa = PBXFileReference; lastKnownFileType = image.png; path = icon_chevron_back.png; sourceTree = "<group>"; };
		E543F4878CF2171E0F6227A6 /* GlimmerGalleryApp.swift */ = {isa = PBXFileReference; lastKnownFileType = sourcecode.swift; path = GlimmerGalleryApp.swift; sourceTree = "<group>"; };
		E8C4C001A784680AC1D05D34 /* icon_play.png */ = {isa = PBXFileReference; lastKnownFileType = image.png; path = icon_play.png; sourceTree = "<group>"; };
		E95A8B8C2192DD7A12D5C05B /* Info.plist */ = {isa = PBXFileReference; lastKnownFileType = text.plist; path = Info.plist; sourceTree = "<group>"; };
		E9B954A2566A00FE2757E870 /* sample_pos.jpg */ = {isa = PBXFileReference; lastKnownFileType = image.jpeg; path = sample_pos.jpg; sourceTree = "<group>"; };
		F4BF7553A935DE14359D6A4D /* duck.png */ = {isa = PBXFileReference; lastKnownFileType = image.png; path = duck.png; sourceTree = "<group>"; };
		F50E5FF23032146E3A292AD6 /* tab_analyze.png */ = {isa = PBXFileReference; lastKnownFileType = image.png; path = tab_analyze.png; sourceTree = "<group>"; };
		FC6B9D6904DE68E841E394F1 /* GlimmerGallery.app */ = {isa = PBXFileReference; includeInIndex = 0; lastKnownFileType = wrapper.application; path = GlimmerGallery.app; sourceTree = BUILT_PRODUCTS_DIR; };
/* End PBXFileReference section */

/* Begin PBXFrameworksBuildPhase section */
		2CD4AACB8E024773E0DBB460 /* Frameworks */ = {
			isa = PBXFrameworksBuildPhase;
			buildActionMask = 2147483647;
			files = (
				41C9E98F74C555BB594028BB /* GlimmerIOS in Frameworks */,
			);
			runOnlyForDeploymentPostprocessing = 0;
		};
		E15741C9F76C64AA4D4F970A /* Frameworks */ = {
			isa = PBXFrameworksBuildPhase;
			buildActionMask = 2147483647;
			files = (
				8496FA155CAAF2DFF67C2CEF /* GlimmerIOS in Frameworks */,
			);
			runOnlyForDeploymentPostprocessing = 0;
		};
/* End PBXFrameworksBuildPhase section */

/* Begin PBXGroup section */
		10184DDF0F9074F850DED79C /* Products */ = {
			isa = PBXGroup;
			children = (
				3419208DA37B81490B0596DA /* GemmaScreen.app */,
				FC6B9D6904DE68E841E394F1 /* GlimmerGallery.app */,
			);
			name = Products;
			sourceTree = "<group>";
		};
		1E908BF53FE57415552C3AF2 /* Packages */ = {
			isa = PBXGroup;
			children = (
				4B1768EB679DCA829DD213F3 /* ios */,
			);
			name = Packages;
			sourceTree = "<group>";
		};
		3013381F735E8754161F0C2D /* Gallery */ = {
			isa = PBXGroup;
			children = (
				E543F4878CF2171E0F6227A6 /* GlimmerGalleryApp.swift */,
				E95A8B8C2192DD7A12D5C05B /* Info.plist */,
			);
			path = Gallery;
			sourceTree = "<group>";
		};
		A1B33015E3EE7FE181CE07BC /* App */ = {
			isa = PBXGroup;
			children = (
				0FD27B70134137C85DC9BB3A /* GemmaScreen.entitlements */,
				150E0CEEB930B1786D250C61 /* GemmaScreenHostApp.swift */,
				9C6D5993D5439A74A1484691 /* Info.plist */,
			);
			path = App;
			sourceTree = "<group>";
		};
		AF99EAA21695FAB66AFACE29 /* Resources */ = {
			isa = PBXGroup;
			children = (
				F4BF7553A935DE14359D6A4D /* duck.png */,
				5D63935F0D5A7EC7D8030E30 /* glimmer_wordmark.png */,
				9396676C1D70309187F7B3B8 /* icon_ai_small.png */,
				E2525E46FB962B31E88E2FAE /* icon_chevron_back.png */,
				8588D48E122BDF6327DAACE7 /* icon_menu.png */,
				E8C4C001A784680AC1D05D34 /* icon_play.png */,
				A2ED7CCDE95191949FDD446A /* light_beam.png */,
				CBAA3B8AF240F08677D969D3 /* phone_rec.png */,
				228261E7D56C871809233EF5 /* phone.png */,
				5269FACE3367A18D5A595080 /* sample_neg.jpg */,
				E9B954A2566A00FE2757E870 /* sample_pos.jpg */,
				80DB9C005589768339E7D5B7 /* star_knob.png */,
				C35ECF0F26AFD4E596376922 /* star_peek.png */,
				064EEA933D0BD0289350339A /* star_splash.png */,
				F50E5FF23032146E3A292AD6 /* tab_analyze.png */,
				233EA42F67E52DD518BB4765 /* tab_report.png */,
				C643EFA9344D902C42FD04D2 /* test_clip.mov */,
			);
			path = Resources;
			sourceTree = "<group>";
		};
		E3C8C12B0519B2B8C832AE99 /* Model */ = {
			isa = PBXGroup;
			children = (
				1EDBAD964B4B84A97B71E8C2 /* mmproj-bf16.gguf */,
				24A64C1E7E2435E60BA79368 /* model-Q4_K_M.gguf */,
			);
			path = Model;
			sourceTree = "<group>";
		};
		F58C8C3606ED4A822380ACF1 = {
			isa = PBXGroup;
			children = (
				A1B33015E3EE7FE181CE07BC /* App */,
				3013381F735E8754161F0C2D /* Gallery */,
				E3C8C12B0519B2B8C832AE99 /* Model */,
				1E908BF53FE57415552C3AF2 /* Packages */,
				AF99EAA21695FAB66AFACE29 /* Resources */,
				10184DDF0F9074F850DED79C /* Products */,
			);
			sourceTree = "<group>";
		};
/* End PBXGroup section */

/* Begin PBXNativeTarget section */
		091C018ABFB88ACA719379C4 /* GlimmerGallery */ = {
			isa = PBXNativeTarget;
			buildConfigurationList = 772D1CF239AD5BEB4CF7CF29 /* Build configuration list for PBXNativeTarget "GlimmerGallery" */;
			buildPhases = (
				FF66DAE4A630AD0A39D43186 /* Sources */,
				3F88960EB0644D6C8EA4F911 /* Resources */,
				2CD4AACB8E024773E0DBB460 /* Frameworks */,
			);
			buildRules = (
			);
			dependencies = (
			);
			name = GlimmerGallery;
			packageProductDependencies = (
				6978095DF4877832B6B17915 /* GlimmerIOS */,
			);
			productName = GlimmerGallery;
			productReference = FC6B9D6904DE68E841E394F1 /* GlimmerGallery.app */;
			productType = "com.apple.product-type.application";
		};
		8B7799559E9905FC6C772239 /* GemmaScreen */ = {
			isa = PBXNativeTarget;
			buildConfigurationList = 0AAEEE4B6FB4D4A7E9A6ADC3 /* Build configuration list for PBXNativeTarget "GemmaScreen" */;
			buildPhases = (
				609BC5F159D4D3EF8A5503EE /* Verify GGUF model sources */,
				42C5B4CB1B1EE3598DC75696 /* Sources */,
				276F925EC695385CDA0D72C8 /* Resources */,
				E15741C9F76C64AA4D4F970A /* Frameworks */,
				9F7B238552E0A1449F9B0D92 /* Verify bundled GGUF model files */,
			);
			buildRules = (
			);
			dependencies = (
			);
			name = GemmaScreen;
			packageProductDependencies = (
				A6EB668DD5DD39CE5114C3AA /* GlimmerIOS */,
			);
			productName = GemmaScreen;
			productReference = 3419208DA37B81490B0596DA /* GemmaScreen.app */;
			productType = "com.apple.product-type.application";
		};
/* End PBXNativeTarget section */

/* Begin PBXProject section */
		2746B6F41769054D68D58FD4 /* Project object */ = {
			isa = PBXProject;
			attributes = {
				BuildIndependentTargetsInParallel = YES;
				LastUpgradeCheck = 1430;
				TargetAttributes = {
					091C018ABFB88ACA719379C4 = {
						DevelopmentTeam = XN9XFCT4XH;
						ProvisioningStyle = Automatic;
					};
					8B7799559E9905FC6C772239 = {
						DevelopmentTeam = XN9XFCT4XH;
						ProvisioningStyle = Automatic;
					};
				};
			};
			buildConfigurationList = BE4009DA079B277B1C71EAD7 /* Build configuration list for PBXProject "GemmaScreen" */;
			developmentRegion = en;
			hasScannedForEncodings = 0;
			knownRegions = (
				Base,
				en,
			);
			mainGroup = F58C8C3606ED4A822380ACF1;
			minimizedProjectReferenceProxies = 1;
			packageReferences = (
				951889DA249AD118EE41AA26 /* XCLocalSwiftPackageReference "." */,
			);
			preferredProjectObjectVersion = 77;
			productRefGroup = 10184DDF0F9074F850DED79C /* Products */;
			projectDirPath = "";
			projectRoot = "";
			targets = (
				8B7799559E9905FC6C772239 /* GemmaScreen */,
				091C018ABFB88ACA719379C4 /* GlimmerGallery */,
			);
		};
/* End PBXProject section */

/* Begin PBXResourcesBuildPhase section */
		276F925EC695385CDA0D72C8 /* Resources */ = {
			isa = PBXResourcesBuildPhase;
			buildActionMask = 2147483647;
			files = (
				F9481640D1429695645FBBB3 /* duck.png in Resources */,
				17099357054F7EADBF9D96C0 /* glimmer_wordmark.png in Resources */,
				82702FE9D1786C6A5755D8A3 /* icon_ai_small.png in Resources */,
				BBED955BD0A708330945F041 /* icon_chevron_back.png in Resources */,
				64DA93B2BD00B4DE6965AB8F /* icon_menu.png in Resources */,
				72E3E77888ED32AA91A4C50D /* icon_play.png in Resources */,
				A7F0F0C795BDA285FD6F7343 /* light_beam.png in Resources */,
				824AF9D8AB67861A91F6B9B4 /* mmproj-bf16.gguf in Resources */,
				F85D88D398B677E48AA11384 /* model-Q4_K_M.gguf in Resources */,
				BA8E07EB1CCD3216B123B8F2 /* phone.png in Resources */,
				D0AC16EA3FB450FB4C9588FA /* phone_rec.png in Resources */,
				FF47FB7DE6E3AF3D6887380E /* sample_neg.jpg in Resources */,
				484A01B7FDDEA11C83037D8E /* sample_pos.jpg in Resources */,
				96FA8C7C5CD1A7232B5512D4 /* star_knob.png in Resources */,
				A79C0CAA6120275C177EC8B9 /* star_peek.png in Resources */,
				337627828D4C4D4DFAD068B9 /* star_splash.png in Resources */,
				2ED00D40178DB4E4CBB85750 /* tab_analyze.png in Resources */,
				F634262A13061BFB96E804EE /* tab_report.png in Resources */,
				2890875578FB78992985DF2B /* test_clip.mov in Resources */,
			);
			runOnlyForDeploymentPostprocessing = 0;
		};
		3F88960EB0644D6C8EA4F911 /* Resources */ = {
			isa = PBXResourcesBuildPhase;
			buildActionMask = 2147483647;
			files = (
				1C87BCF868601F3FF000F31B /* duck.png in Resources */,
				75E64E4838C13039D92D51C0 /* glimmer_wordmark.png in Resources */,
				B39CBCE20A86B0C7E989EB5E /* icon_ai_small.png in Resources */,
				C29FA99498FC95B977A6516B /* icon_chevron_back.png in Resources */,
				FDA3DB1B43BACDD4A14C1868 /* icon_menu.png in Resources */,
				7A43840627DEE10379D4A41B /* icon_play.png in Resources */,
				F4EB7B2209ED64CDFAACA2EF /* light_beam.png in Resources */,
				3DD2EDF851AE10066B011469 /* mmproj-bf16.gguf in Resources */,
				89B4898C8495042EE10F9014 /* model-Q4_K_M.gguf in Resources */,
				B67A68B827E602D1A3F71F7E /* phone.png in Resources */,
				5742BAC182CC49572C7F4FEA /* phone_rec.png in Resources */,
				4FA78C29074F5FCC0BBCF182 /* sample_neg.jpg in Resources */,
				E11E930FAA063C2AEBB5B6F3 /* sample_pos.jpg in Resources */,
				DF0C897BB2395454BF8FEC0C /* star_knob.png in Resources */,
				3FA653710877C76EB3835E9E /* star_peek.png in Resources */,
				F6DAFC7839E8D6425CEC58DB /* star_splash.png in Resources */,
				0C6D561AC40B7343337D202F /* tab_analyze.png in Resources */,
				AFE5FA9B02CB178334458C0C /* tab_report.png in Resources */,
				0EA313D6361D30DCE774DEED /* test_clip.mov in Resources */,
			);
			runOnlyForDeploymentPostprocessing = 0;
		};
/* End PBXResourcesBuildPhase section */

/* Begin PBXShellScriptBuildPhase section */
		609BC5F159D4D3EF8A5503EE /* Verify GGUF model sources */ = {
			isa = PBXShellScriptBuildPhase;
			buildActionMask = 2147483647;
			files = (
			);
			inputFileListPaths = (
			);
			inputPaths = (
			);
			name = "Verify GGUF model sources";
			outputFileListPaths = (
			);
			outputPaths = (
			);
			runOnlyForDeploymentPostprocessing = 0;
			shellPath = /bin/sh;
			shellScript = "set -euo pipefail\nfor name in model-Q4_K_M.gguf mmproj-bf16.gguf; do\n  path=\"${SRCROOT}/Model/${name}\"\n  if [ ! -s \"${path}\" ]; then\n    echo \"Missing or empty GGUF model source: ${path}\" >&2\n    echo \"Run: ${SRCROOT}/Scripts/prepare-local-gguf-models.sh\" >&2\n    exit 1\n  fi\ndone\n";
		};
		9F7B238552E0A1449F9B0D92 /* Verify bundled GGUF model files */ = {
			isa = PBXShellScriptBuildPhase;
			buildActionMask = 2147483647;
			files = (
			);
			inputFileListPaths = (
			);
			inputPaths = (
			);
			name = "Verify bundled GGUF model files";
			outputFileListPaths = (
			);
			outputPaths = (
			);
			runOnlyForDeploymentPostprocessing = 0;
			shellPath = /bin/sh;
			shellScript = "set -euo pipefail\nbundle_dir=\"${TARGET_BUILD_DIR}/${UNLOCALIZED_RESOURCES_FOLDER_PATH}\"\nfor name in model-Q4_K_M.gguf mmproj-bf16.gguf; do\n  path=\"${bundle_dir}/${name}\"\n  if [ ! -s \"${path}\" ]; then\n    echo \"Missing or empty bundled GGUF model: ${path}\" >&2\n    echo \"Run: ${SRCROOT}/Scripts/prepare-local-gguf-models.sh\" >&2\n    exit 1\n  fi\n  if [ -L \"${path}\" ]; then\n    echo \"Bundled GGUF model must be a real file, not a symlink: ${path}\" >&2\n    echo \"Run: ${SRCROOT}/Scripts/prepare-local-gguf-models.sh\" >&2\n    exit 1\n  fi\ndone\n";
		};
/* End PBXShellScriptBuildPhase section */

/* Begin PBXSourcesBuildPhase section */
		42C5B4CB1B1EE3598DC75696 /* Sources */ = {
			isa = PBXSourcesBuildPhase;
			buildActionMask = 2147483647;
			files = (
				2C97FDC5462D22708F4887BC /* GemmaScreenHostApp.swift in Sources */,
			);
			runOnlyForDeploymentPostprocessing = 0;
		};
		FF66DAE4A630AD0A39D43186 /* Sources */ = {
			isa = PBXSourcesBuildPhase;
			buildActionMask = 2147483647;
			files = (
				3CC7C6B5AF84B8D5EAACC325 /* GlimmerGalleryApp.swift in Sources */,
			);
			runOnlyForDeploymentPostprocessing = 0;
		};
/* End PBXSourcesBuildPhase section */

/* Begin XCBuildConfiguration section */
		06ADE08B3F35B32265527854 /* Release */ = {
			isa = XCBuildConfiguration;
			buildSettings = {
				ALWAYS_SEARCH_USER_PATHS = NO;
				CLANG_ANALYZER_NONNULL = YES;
				CLANG_ANALYZER_NUMBER_OBJECT_CONVERSION = YES_AGGRESSIVE;
				CLANG_CXX_LANGUAGE_STANDARD = "gnu++14";
				CLANG_CXX_LIBRARY = "libc++";
				CLANG_ENABLE_MODULES = YES;
				CLANG_ENABLE_OBJC_ARC = YES;
				CLANG_ENABLE_OBJC_WEAK = YES;
				CLANG_WARN_BLOCK_CAPTURE_AUTORELEASING = YES;
				CLANG_WARN_BOOL_CONVERSION = YES;
				CLANG_WARN_COMMA = YES;
				CLANG_WARN_CONSTANT_CONVERSION = YES;
				CLANG_WARN_DEPRECATED_OBJC_IMPLEMENTATIONS = YES;
				CLANG_WARN_DIRECT_OBJC_ISA_USAGE = YES_ERROR;
				CLANG_WARN_DOCUMENTATION_COMMENTS = YES;
				CLANG_WARN_EMPTY_BODY = YES;
				CLANG_WARN_ENUM_CONVERSION = YES;
				CLANG_WARN_INFINITE_RECURSION = YES;
				CLANG_WARN_INT_CONVERSION = YES;
				CLANG_WARN_NON_LITERAL_NULL_CONVERSION = YES;
				CLANG_WARN_OBJC_IMPLICIT_RETAIN_SELF = YES;
				CLANG_WARN_OBJC_LITERAL_CONVERSION = YES;
				CLANG_WARN_OBJC_ROOT_CLASS = YES_ERROR;
				CLANG_WARN_QUOTED_INCLUDE_IN_FRAMEWORK_HEADER = YES;
				CLANG_WARN_RANGE_LOOP_ANALYSIS = YES;
				CLANG_WARN_STRICT_PROTOTYPES = YES;
				CLANG_WARN_SUSPICIOUS_MOVE = YES;
				CLANG_WARN_UNGUARDED_AVAILABILITY = YES_AGGRESSIVE;
				CLANG_WARN_UNREACHABLE_CODE = YES;
				CLANG_WARN__DUPLICATE_METHOD_MATCH = YES;
				COPY_PHASE_STRIP = NO;
				DEBUG_INFORMATION_FORMAT = "dwarf-with-dsym";
				ENABLE_NS_ASSERTIONS = NO;
				ENABLE_STRICT_OBJC_MSGSEND = YES;
				GCC_C_LANGUAGE_STANDARD = gnu11;
				GCC_NO_COMMON_BLOCKS = YES;
				GCC_WARN_64_TO_32_BIT_CONVERSION = YES;
				GCC_WARN_ABOUT_RETURN_TYPE = YES_ERROR;
				GCC_WARN_UNDECLARED_SELECTOR = YES;
				GCC_WARN_UNINITIALIZED_AUTOS = YES_AGGRESSIVE;
				GCC_WARN_UNUSED_FUNCTION = YES;
				GCC_WARN_UNUSED_VARIABLE = YES;
				IPHONEOS_DEPLOYMENT_TARGET = 17.0;
				MTL_ENABLE_DEBUG_INFO = NO;
				MTL_FAST_MATH = YES;
				PRODUCT_NAME = "$(TARGET_NAME)";
				SDKROOT = iphoneos;
				SWIFT_COMPILATION_MODE = wholemodule;
				SWIFT_OPTIMIZATION_LEVEL = "-O";
				SWIFT_VERSION = 5.0;
			};
			name = Release;
		};
		0AED9ECC460443D6F30AA6E9 /* Release */ = {
			isa = XCBuildConfiguration;
			buildSettings = {
				ASSETCATALOG_COMPILER_APPICON_NAME = AppIcon;
				CODE_SIGN_ENTITLEMENTS = App/GemmaScreen.entitlements;
				CODE_SIGN_IDENTITY = "iPhone Developer";
				CODE_SIGN_STYLE = Automatic;
				DEVELOPMENT_TEAM = XN9XFCT4XH;
				INFOPLIST_FILE = App/Info.plist;
				IPHONEOS_DEPLOYMENT_TARGET = 17.0;
				LD_RUNPATH_SEARCH_PATHS = (
					"$(inherited)",
					"@executable_path/Frameworks",
				);
				OTHER_LDFLAGS = "-all_load";
				PRODUCT_BUNDLE_IDENTIFIER = cn.youyou.gemmascreen;
				SDKROOT = iphoneos;
				SUPPORTED_PLATFORMS = "iphoneos iphonesimulator";
				SWIFT_VERSION = 5.0;
				TARGETED_DEVICE_FAMILY = "1,2";
			};
			name = Release;
		};
		1578DF12F81A07EB1B1FC4CE /* Release */ = {
			isa = XCBuildConfiguration;
			buildSettings = {
				ASSETCATALOG_COMPILER_APPICON_NAME = AppIcon;
				CODE_SIGN_IDENTITY = "iPhone Developer";
				CODE_SIGN_STYLE = Automatic;
				DEVELOPMENT_TEAM = XN9XFCT4XH;
				INFOPLIST_FILE = Gallery/Info.plist;
				IPHONEOS_DEPLOYMENT_TARGET = 17.0;
				LD_RUNPATH_SEARCH_PATHS = (
					"$(inherited)",
					"@executable_path/Frameworks",
				);
				OTHER_LDFLAGS = "-all_load";
				PRODUCT_BUNDLE_IDENTIFIER = cn.youyou.glimmergallery;
				SDKROOT = iphoneos;
				SUPPORTED_PLATFORMS = "iphoneos iphonesimulator";
				SWIFT_VERSION = 5.0;
				TARGETED_DEVICE_FAMILY = 1;
			};
			name = Release;
		};
		58CD7DC0286B173215D90605 /* Debug */ = {
			isa = XCBuildConfiguration;
			buildSettings = {
				ASSETCATALOG_COMPILER_APPICON_NAME = AppIcon;
				CODE_SIGN_IDENTITY = "iPhone Developer";
				CODE_SIGN_STYLE = Automatic;
				DEVELOPMENT_TEAM = XN9XFCT4XH;
				INFOPLIST_FILE = Gallery/Info.plist;
				IPHONEOS_DEPLOYMENT_TARGET = 17.0;
				LD_RUNPATH_SEARCH_PATHS = (
					"$(inherited)",
					"@executable_path/Frameworks",
				);
				OTHER_LDFLAGS = "-all_load";
				PRODUCT_BUNDLE_IDENTIFIER = cn.youyou.glimmergallery;
				SDKROOT = iphoneos;
				SUPPORTED_PLATFORMS = "iphoneos iphonesimulator";
				SWIFT_VERSION = 5.0;
				TARGETED_DEVICE_FAMILY = 1;
			};
			name = Debug;
		};
		99AA4EB279C246C54A1914B9 /* Debug */ = {
			isa = XCBuildConfiguration;
			buildSettings = {
				ASSETCATALOG_COMPILER_APPICON_NAME = AppIcon;
				CODE_SIGN_ENTITLEMENTS = App/GemmaScreen.entitlements;
				CODE_SIGN_IDENTITY = "iPhone Developer";
				CODE_SIGN_STYLE = Automatic;
				DEVELOPMENT_TEAM = XN9XFCT4XH;
				INFOPLIST_FILE = App/Info.plist;
				IPHONEOS_DEPLOYMENT_TARGET = 17.0;
				LD_RUNPATH_SEARCH_PATHS = (
					"$(inherited)",
					"@executable_path/Frameworks",
				);
				OTHER_LDFLAGS = "-all_load";
				PRODUCT_BUNDLE_IDENTIFIER = cn.youyou.gemmascreen;
				SDKROOT = iphoneos;
				SUPPORTED_PLATFORMS = "iphoneos iphonesimulator";
				SWIFT_VERSION = 5.0;
				TARGETED_DEVICE_FAMILY = "1,2";
			};
			name = Debug;
		};
		D9657EC462A688301E48DE65 /* Debug */ = {
			isa = XCBuildConfiguration;
			buildSettings = {
				ALWAYS_SEARCH_USER_PATHS = NO;
				CLANG_ANALYZER_NONNULL = YES;
				CLANG_ANALYZER_NUMBER_OBJECT_CONVERSION = YES_AGGRESSIVE;
				CLANG_CXX_LANGUAGE_STANDARD = "gnu++14";
				CLANG_CXX_LIBRARY = "libc++";
				CLANG_ENABLE_MODULES = YES;
				CLANG_ENABLE_OBJC_ARC = YES;
				CLANG_ENABLE_OBJC_WEAK = YES;
				CLANG_WARN_BLOCK_CAPTURE_AUTORELEASING = YES;
				CLANG_WARN_BOOL_CONVERSION = YES;
				CLANG_WARN_COMMA = YES;
				CLANG_WARN_CONSTANT_CONVERSION = YES;
				CLANG_WARN_DEPRECATED_OBJC_IMPLEMENTATIONS = YES;
				CLANG_WARN_DIRECT_OBJC_ISA_USAGE = YES_ERROR;
				CLANG_WARN_DOCUMENTATION_COMMENTS = YES;
				CLANG_WARN_EMPTY_BODY = YES;
				CLANG_WARN_ENUM_CONVERSION = YES;
				CLANG_WARN_INFINITE_RECURSION = YES;
				CLANG_WARN_INT_CONVERSION = YES;
				CLANG_WARN_NON_LITERAL_NULL_CONVERSION = YES;
				CLANG_WARN_OBJC_IMPLICIT_RETAIN_SELF = YES;
				CLANG_WARN_OBJC_LITERAL_CONVERSION = YES;
				CLANG_WARN_OBJC_ROOT_CLASS = YES_ERROR;
				CLANG_WARN_QUOTED_INCLUDE_IN_FRAMEWORK_HEADER = YES;
				CLANG_WARN_RANGE_LOOP_ANALYSIS = YES;
				CLANG_WARN_STRICT_PROTOTYPES = YES;
				CLANG_WARN_SUSPICIOUS_MOVE = YES;
				CLANG_WARN_UNGUARDED_AVAILABILITY = YES_AGGRESSIVE;
				CLANG_WARN_UNREACHABLE_CODE = YES;
				CLANG_WARN__DUPLICATE_METHOD_MATCH = YES;
				COPY_PHASE_STRIP = NO;
				DEBUG_INFORMATION_FORMAT = dwarf;
				ENABLE_STRICT_OBJC_MSGSEND = YES;
				ENABLE_TESTABILITY = YES;
				GCC_C_LANGUAGE_STANDARD = gnu11;
				GCC_DYNAMIC_NO_PIC = NO;
				GCC_NO_COMMON_BLOCKS = YES;
				GCC_OPTIMIZATION_LEVEL = 0;
				GCC_PREPROCESSOR_DEFINITIONS = (
					"$(inherited)",
					"DEBUG=1",
				);
				GCC_WARN_64_TO_32_BIT_CONVERSION = YES;
				GCC_WARN_ABOUT_RETURN_TYPE = YES_ERROR;
				GCC_WARN_UNDECLARED_SELECTOR = YES;
				GCC_WARN_UNINITIALIZED_AUTOS = YES_AGGRESSIVE;
				GCC_WARN_UNUSED_FUNCTION = YES;
				GCC_WARN_UNUSED_VARIABLE = YES;
				IPHONEOS_DEPLOYMENT_TARGET = 17.0;
				MTL_ENABLE_DEBUG_INFO = INCLUDE_SOURCE;
				MTL_FAST_MATH = YES;
				ONLY_ACTIVE_ARCH = YES;
				PRODUCT_NAME = "$(TARGET_NAME)";
				SDKROOT = iphoneos;
				SWIFT_ACTIVE_COMPILATION_CONDITIONS = DEBUG;
				SWIFT_OPTIMIZATION_LEVEL = "-Onone";
				SWIFT_VERSION = 5.0;
			};
			name = Debug;
		};
/* End XCBuildConfiguration section */

/* Begin XCConfigurationList section */
		0AAEEE4B6FB4D4A7E9A6ADC3 /* Build configuration list for PBXNativeTarget "GemmaScreen" */ = {
			isa = XCConfigurationList;
			buildConfigurations = (
				99AA4EB279C246C54A1914B9 /* Debug */,
				0AED9ECC460443D6F30AA6E9 /* Release */,
			);
			defaultConfigurationIsVisible = 0;
			defaultConfigurationName = Debug;
		};
		772D1CF239AD5BEB4CF7CF29 /* Build configuration list for PBXNativeTarget "GlimmerGallery" */ = {
			isa = XCConfigurationList;
			buildConfigurations = (
				58CD7DC0286B173215D90605 /* Debug */,
				1578DF12F81A07EB1B1FC4CE /* Release */,
			);
			defaultConfigurationIsVisible = 0;
			defaultConfigurationName = Debug;
		};
		BE4009DA079B277B1C71EAD7 /* Build configuration list for PBXProject "GemmaScreen" */ = {
			isa = XCConfigurationList;
			buildConfigurations = (
				D9657EC462A688301E48DE65 /* Debug */,
				06ADE08B3F35B32265527854 /* Release */,
			);
			defaultConfigurationIsVisible = 0;
			defaultConfigurationName = Debug;
		};
/* End XCConfigurationList section */

/* Begin XCLocalSwiftPackageReference section */
		951889DA249AD118EE41AA26 /* XCLocalSwiftPackageReference "." */ = {
			isa = XCLocalSwiftPackageReference;
			relativePath = .;
		};
/* End XCLocalSwiftPackageReference section */

/* Begin XCSwiftPackageProductDependency section */
		6978095DF4877832B6B17915 /* GlimmerIOS */ = {
			isa = XCSwiftPackageProductDependency;
			productName = GlimmerIOS;
		};
		A6EB668DD5DD39CE5114C3AA /* GlimmerIOS */ = {
			isa = XCSwiftPackageProductDependency;
			productName = GlimmerIOS;
		};
/* End XCSwiftPackageProductDependency section */
	};
	rootObject = 2746B6F41769054D68D58FD4 /* Project object */;
}
