// !$*UTF8*$!
{
	archiveVersion = 1;
	classes = {
	};
	objectVersion = 77;
	objects = {

/* Begin PBXBuildFile section */
		2C97FDC5462D22708F4887BC /* GemmaScreenHostApp.swift in Sources */ = {isa = PBXBuildFile; fileRef = 150E0CEEB930B1786D250C61 /* GemmaScreenHostApp.swift */; };
		484A01B7FDDEA11C83037D8E /* sample_pos.jpg in Resources */ = {isa = PBXBuildFile; fileRef = E9B954A2566A00FE2757E870 /* sample_pos.jpg */; };
		8496FA155CAAF2DFF67C2CEF /* GlimmerIOS in Frameworks */ = {isa = PBXBuildFile; productRef = A6EB668DD5DD39CE5114C3AA /* GlimmerIOS */; };
		ABE8D3BC70039242D6E19958 /* asd-gemma4-code9.litertlm in Resources */ = {isa = PBXBuildFile; fileRef = 01FA75EEC3B00E5590087D1D /* asd-gemma4-code9.litertlm */; };
		BA8E07EB1CCD3216B123B8F2 /* phone.png in Resources */ = {isa = PBXBuildFile; fileRef = 228261E7D56C871809233EF5 /* phone.png */; };
		F9481640D1429695645FBBB3 /* duck.png in Resources */ = {isa = PBXBuildFile; fileRef = F4BF7553A935DE14359D6A4D /* duck.png */; };
		FF47FB7DE6E3AF3D6887380E /* sample_neg.jpg in Resources */ = {isa = PBXBuildFile; fileRef = 5269FACE3367A18D5A595080 /* sample_neg.jpg */; };
/* End PBXBuildFile section */

/* Begin PBXFileReference section */
		01FA75EEC3B00E5590087D1D /* asd-gemma4-code9.litertlm */ = {isa = PBXFileReference; path = "asd-gemma4-code9.litertlm"; sourceTree = "<group>"; };
		0FD27B70134137C85DC9BB3A /* GemmaScreen.entitlements */ = {isa = PBXFileReference; lastKnownFileType = text.plist.entitlements; path = GemmaScreen.entitlements; sourceTree = "<group>"; };
		150E0CEEB930B1786D250C61 /* GemmaScreenHostApp.swift */ = {isa = PBXFileReference; lastKnownFileType = sourcecode.swift; path = GemmaScreenHostApp.swift; sourceTree = "<group>"; };
		228261E7D56C871809233EF5 /* phone.png */ = {isa = PBXFileReference; lastKnownFileType = image.png; path = phone.png; sourceTree = "<group>"; };
		3419208DA37B81490B0596DA /* GemmaScreen.app */ = {isa = PBXFileReference; includeInIndex = 0; lastKnownFileType = wrapper.application; path = GemmaScreen.app; sourceTree = BUILT_PRODUCTS_DIR; };
		4B1768EB679DCA829DD213F3 /* ios */ = {isa = PBXFileReference; lastKnownFileType = folder; name = ios; path = .; sourceTree = SOURCE_ROOT; };
		5269FACE3367A18D5A595080 /* sample_neg.jpg */ = {isa = PBXFileReference; lastKnownFileType = image.jpeg; path = sample_neg.jpg; sourceTree = "<group>"; };
		9C6D5993D5439A74A1484691 /* Info.plist */ = {isa = PBXFileReference; lastKnownFileType = text.plist; path = Info.plist; sourceTree = "<group>"; };
		E9B954A2566A00FE2757E870 /* sample_pos.jpg */ = {isa = PBXFileReference; lastKnownFileType = image.jpeg; path = sample_pos.jpg; sourceTree = "<group>"; };
		F4BF7553A935DE14359D6A4D /* duck.png */ = {isa = PBXFileReference; lastKnownFileType = image.png; path = duck.png; sourceTree = "<group>"; };
/* End PBXFileReference section */

/* Begin PBXFrameworksBuildPhase section */
		E15741C9F76C64AA4D4F970A /* Frameworks */ = {
			isa = PBXFrameworksBuildPhase;
			buildActionMask = 2147483647;
			files = (
				8496FA155CAAF2DFF67C2CEF /* GlimmerIOS in Frameworks */,
			);
			runOnlyForDeploymentPostprocessing = 0;
		};
/* End PBXFrameworksBuildPhase section */

/* Begin PBXGroup section */
		10184DDF0F9074F850DED79C /* Products */ = {
			isa = PBXGroup;
			children = (
				3419208DA37B81490B0596DA /* GemmaScreen.app */,
			);
			name = Products;
			sourceTree = "<group>";
		};
		1E908BF53FE57415552C3AF2 /* Packages */ = {
			isa = PBXGroup;
			children = (
				4B1768EB679DCA829DD213F3 /* ios */,
			);
			name = Packages;
			sourceTree = "<group>";
		};
		A1B33015E3EE7FE181CE07BC /* App */ = {
			isa = PBXGroup;
			children = (
				0FD27B70134137C85DC9BB3A /* GemmaScreen.entitlements */,
				150E0CEEB930B1786D250C61 /* GemmaScreenHostApp.swift */,
				9C6D5993D5439A74A1484691 /* Info.plist */,
			);
			path = App;
			sourceTree = "<group>";
		};
		AF99EAA21695FAB66AFACE29 /* Resources */ = {
			isa = PBXGroup;
			children = (
				F4BF7553A935DE14359D6A4D /* duck.png */,
				228261E7D56C871809233EF5 /* phone.png */,
				5269FACE3367A18D5A595080 /* sample_neg.jpg */,
				E9B954A2566A00FE2757E870 /* sample_pos.jpg */,
			);
			path = Resources;
			sourceTree = "<group>";
		};
		E3C8C12B0519B2B8C832AE99 /* Model */ = {
			isa = PBXGroup;
			children = (
				01FA75EEC3B00E5590087D1D /* asd-gemma4-code9.litertlm */,
			);
			path = Model;
			sourceTree = "<group>";
		};
		F58C8C3606ED4A822380ACF1 = {
			isa = PBXGroup;
			children = (
				A1B33015E3EE7FE181CE07BC /* App */,
				E3C8C12B0519B2B8C832AE99 /* Model */,
				1E908BF53FE57415552C3AF2 /* Packages */,
				AF99EAA21695FAB66AFACE29 /* Resources */,
				10184DDF0F9074F850DED79C /* Products */,
			);
			sourceTree = "<group>";
		};
/* End PBXGroup section */

/* Begin PBXNativeTarget section */
		8B7799559E9905FC6C772239 /* GemmaScreen */ = {
			isa = PBXNativeTarget;
			buildConfigurationList = 0AAEEE4B6FB4D4A7E9A6ADC3 /* Build configuration list for PBXNativeTarget "GemmaScreen" */;
			buildPhases = (
				42C5B4CB1B1EE3598DC75696 /* Sources */,
				276F925EC695385CDA0D72C8 /* Resources */,
				E15741C9F76C64AA4D4F970A /* Frameworks */,
			);
			buildRules = (
			);
			dependencies = (
			);
			name = GemmaScreen;
			packageProductDependencies = (
				A6EB668DD5DD39CE5114C3AA /* GlimmerIOS */,
			);
			productName = GemmaScreen;
			productReference = 3419208DA37B81490B0596DA /* GemmaScreen.app */;
			productType = "com.apple.product-type.application";
		};
/* End PBXNativeTarget section */

/* Begin PBXProject section */
		2746B6F41769054D68D58FD4 /* Project object */ = {
			isa = PBXProject;
			attributes = {
				BuildIndependentTargetsInParallel = YES;
				LastUpgradeCheck = 1430;
				TargetAttributes = {
					8B7799559E9905FC6C772239 = {
						DevelopmentTeam = XN9XFCT4XH;
						ProvisioningStyle = Automatic;
					};
				};
			};
			buildConfigurationList = BE4009DA079B277B1C71EAD7 /* Build configuration list for PBXProject "GemmaScreen" */;
			developmentRegion = en;
			hasScannedForEncodings = 0;
			knownRegions = (
				Base,
				en,
			);
			mainGroup = F58C8C3606ED4A822380ACF1;
			minimizedProjectReferenceProxies = 1;
			packageReferences = (
				951889DA249AD118EE41AA26 /* XCLocalSwiftPackageReference "." */,
			);
			preferredProjectObjectVersion = 77;
			productRefGroup = 10184DDF0F9074F850DED79C /* Products */;
			projectDirPath = "";
			projectRoot = "";
			targets = (
				8B7799559E9905FC6C772239 /* GemmaScreen */,
			);
		};
/* End PBXProject section */

/* Begin PBXResourcesBuildPhase section */
		276F925EC695385CDA0D72C8 /* Resources */ = {
			isa = PBXResourcesBuildPhase;
			buildActionMask = 2147483647;
			files = (
				ABE8D3BC70039242D6E19958 /* asd-gemma4-code9.litertlm in Resources */,
				F9481640D1429695645FBBB3 /* duck.png in Resources */,
				BA8E07EB1CCD3216B123B8F2 /* phone.png in Resources */,
				FF47FB7DE6E3AF3D6887380E /* sample_neg.jpg in Resources */,
				484A01B7FDDEA11C83037D8E /* sample_pos.jpg in Resources */,
			);
			runOnlyForDeploymentPostprocessing = 0;
		};
/* End PBXResourcesBuildPhase section */

/* Begin PBXSourcesBuildPhase section */
		42C5B4CB1B1EE3598DC75696 /* Sources */ = {
			isa = PBXSourcesBuildPhase;
			buildActionMask = 2147483647;
			files = (
				2C97FDC5462D22708F4887BC /* GemmaScreenHostApp.swift in Sources */,
			);
			runOnlyForDeploymentPostprocessing = 0;
		};
/* End PBXSourcesBuildPhase section */

/* Begin XCBuildConfiguration section */
		06ADE08B3F35B32265527854 /* Release */ = {
			isa = XCBuildConfiguration;
			buildSettings = {
				ALWAYS_SEARCH_USER_PATHS = NO;
				CLANG_ANALYZER_NONNULL = YES;
				CLANG_ANALYZER_NUMBER_OBJECT_CONVERSION = YES_AGGRESSIVE;
				CLANG_CXX_LANGUAGE_STANDARD = "gnu++14";
				CLANG_CXX_LIBRARY = "libc++";
				CLANG_ENABLE_MODULES = YES;
				CLANG_ENABLE_OBJC_ARC = YES;
				CLANG_ENABLE_OBJC_WEAK = YES;
				CLANG_WARN_BLOCK_CAPTURE_AUTORELEASING = YES;
				CLANG_WARN_BOOL_CONVERSION = YES;
				CLANG_WARN_COMMA = YES;
				CLANG_WARN_CONSTANT_CONVERSION = YES;
				CLANG_WARN_DEPRECATED_OBJC_IMPLEMENTATIONS = YES;
				CLANG_WARN_DIRECT_OBJC_ISA_USAGE = YES_ERROR;
				CLANG_WARN_DOCUMENTATION_COMMENTS = YES;
				CLANG_WARN_EMPTY_BODY = YES;
				CLANG_WARN_ENUM_CONVERSION = YES;
				CLANG_WARN_INFINITE_RECURSION = YES;
				CLANG_WARN_INT_CONVERSION = YES;
				CLANG_WARN_NON_LITERAL_NULL_CONVERSION = YES;
				CLANG_WARN_OBJC_IMPLICIT_RETAIN_SELF = YES;
				CLANG_WARN_OBJC_LITERAL_CONVERSION = YES;
				CLANG_WARN_OBJC_ROOT_CLASS = YES_ERROR;
				CLANG_WARN_QUOTED_INCLUDE_IN_FRAMEWORK_HEADER = YES;
				CLANG_WARN_RANGE_LOOP_ANALYSIS = YES;
				CLANG_WARN_STRICT_PROTOTYPES = YES;
				CLANG_WARN_SUSPICIOUS_MOVE = YES;
				CLANG_WARN_UNGUARDED_AVAILABILITY = YES_AGGRESSIVE;
				CLANG_WARN_UNREACHABLE_CODE = YES;
				CLANG_WARN__DUPLICATE_METHOD_MATCH = YES;
				COPY_PHASE_STRIP = NO;
				DEBUG_INFORMATION_FORMAT = "dwarf-with-dsym";
				ENABLE_NS_ASSERTIONS = NO;
				ENABLE_STRICT_OBJC_MSGSEND = YES;
				GCC_C_LANGUAGE_STANDARD = gnu11;
				GCC_NO_COMMON_BLOCKS = YES;
				GCC_WARN_64_TO_32_BIT_CONVERSION = YES;
				GCC_WARN_ABOUT_RETURN_TYPE = YES_ERROR;
				GCC_WARN_UNDECLARED_SELECTOR = YES;
				GCC_WARN_UNINITIALIZED_AUTOS = YES_AGGRESSIVE;
				GCC_WARN_UNUSED_FUNCTION = YES;
				GCC_WARN_UNUSED_VARIABLE = YES;
				IPHONEOS_DEPLOYMENT_TARGET = 17.0;
				MTL_ENABLE_DEBUG_INFO = NO;
				MTL_FAST_MATH = YES;
				PRODUCT_NAME = "$(TARGET_NAME)";
				SDKROOT = iphoneos;
				SWIFT_COMPILATION_MODE = wholemodule;
				SWIFT_OPTIMIZATION_LEVEL = "-O";
				SWIFT_VERSION = 5.0;
			};
			name = Release;
		};
		0AED9ECC460443D6F30AA6E9 /* Release */ = {
			isa = XCBuildConfiguration;
			buildSettings = {
				ASSETCATALOG_COMPILER_APPICON_NAME = AppIcon;
				CODE_SIGN_ENTITLEMENTS = App/GemmaScreen.entitlements;
				CODE_SIGN_IDENTITY = "iPhone Developer";
				CODE_SIGN_STYLE = Automatic;
				DEVELOPMENT_TEAM = XN9XFCT4XH;
				INFOPLIST_FILE = App/Info.plist;
				IPHONEOS_DEPLOYMENT_TARGET = 17.0;
				LD_RUNPATH_SEARCH_PATHS = (
					"$(inherited)",
					"@executable_path/Frameworks",
				);
				OTHER_LDFLAGS = "-all_load";
				PRODUCT_BUNDLE_IDENTIFIER = cn.youyou.gemmascreen;
				SDKROOT = iphoneos;
				SUPPORTED_PLATFORMS = "iphoneos iphonesimulator";
				SWIFT_VERSION = 5.0;
				TARGETED_DEVICE_FAMILY = "1,2";
			};
			name = Release;
		};
		99AA4EB279C246C54A1914B9 /* Debug */ = {
			isa = XCBuildConfiguration;
			buildSettings = {
				ASSETCATALOG_COMPILER_APPICON_NAME = AppIcon;
				CODE_SIGN_ENTITLEMENTS = App/GemmaScreen.entitlements;
				CODE_SIGN_IDENTITY = "iPhone Developer";
				CODE_SIGN_STYLE = Automatic;
				DEVELOPMENT_TEAM = XN9XFCT4XH;
				INFOPLIST_FILE = App/Info.plist;
				IPHONEOS_DEPLOYMENT_TARGET = 17.0;
				LD_RUNPATH_SEARCH_PATHS = (
					"$(inherited)",
					"@executable_path/Frameworks",
				);
				OTHER_LDFLAGS = "-all_load";
				PRODUCT_BUNDLE_IDENTIFIER = cn.youyou.gemmascreen;
				SDKROOT = iphoneos;
				SUPPORTED_PLATFORMS = "iphoneos iphonesimulator";
				SWIFT_VERSION = 5.0;
				TARGETED_DEVICE_FAMILY = "1,2";
			};
			name = Debug;
		};
		D9657EC462A688301E48DE65 /* Debug */ = {
			isa = XCBuildConfiguration;
			buildSettings = {
				ALWAYS_SEARCH_USER_PATHS = NO;
				CLANG_ANALYZER_NONNULL = YES;
				CLANG_ANALYZER_NUMBER_OBJECT_CONVERSION = YES_AGGRESSIVE;
				CLANG_CXX_LANGUAGE_STANDARD = "gnu++14";
				CLANG_CXX_LIBRARY = "libc++";
				CLANG_ENABLE_MODULES = YES;
				CLANG_ENABLE_OBJC_ARC = YES;
				CLANG_ENABLE_OBJC_WEAK = YES;
				CLANG_WARN_BLOCK_CAPTURE_AUTORELEASING = YES;
				CLANG_WARN_BOOL_CONVERSION = YES;
				CLANG_WARN_COMMA = YES;
				CLANG_WARN_CONSTANT_CONVERSION = YES;
				CLANG_WARN_DEPRECATED_OBJC_IMPLEMENTATIONS = YES;
				CLANG_WARN_DIRECT_OBJC_ISA_USAGE = YES_ERROR;
				CLANG_WARN_DOCUMENTATION_COMMENTS = YES;
				CLANG_WARN_EMPTY_BODY = YES;
				CLANG_WARN_ENUM_CONVERSION = YES;
				CLANG_WARN_INFINITE_RECURSION = YES;
				CLANG_WARN_INT_CONVERSION = YES;
				CLANG_WARN_NON_LITERAL_NULL_CONVERSION = YES;
				CLANG_WARN_OBJC_IMPLICIT_RETAIN_SELF = YES;
				CLANG_WARN_OBJC_LITERAL_CONVERSION = YES;
				CLANG_WARN_OBJC_ROOT_CLASS = YES_ERROR;
				CLANG_WARN_QUOTED_INCLUDE_IN_FRAMEWORK_HEADER = YES;
				CLANG_WARN_RANGE_LOOP_ANALYSIS = YES;
				CLANG_WARN_STRICT_PROTOTYPES = YES;
				CLANG_WARN_SUSPICIOUS_MOVE = YES;
				CLANG_WARN_UNGUARDED_AVAILABILITY = YES_AGGRESSIVE;
				CLANG_WARN_UNREACHABLE_CODE = YES;
				CLANG_WARN__DUPLICATE_METHOD_MATCH = YES;
				COPY_PHASE_STRIP = NO;
				DEBUG_INFORMATION_FORMAT = dwarf;
				ENABLE_STRICT_OBJC_MSGSEND = YES;
				ENABLE_TESTABILITY = YES;
				GCC_C_LANGUAGE_STANDARD = gnu11;
				GCC_DYNAMIC_NO_PIC = NO;
				GCC_NO_COMMON_BLOCKS = YES;
				GCC_OPTIMIZATION_LEVEL = 0;
				GCC_PREPROCESSOR_DEFINITIONS = (
					"$(inherited)",
					"DEBUG=1",
				);
				GCC_WARN_64_TO_32_BIT_CONVERSION = YES;
				GCC_WARN_ABOUT_RETURN_TYPE = YES_ERROR;
				GCC_WARN_UNDECLARED_SELECTOR = YES;
				GCC_WARN_UNINITIALIZED_AUTOS = YES_AGGRESSIVE;
				GCC_WARN_UNUSED_FUNCTION = YES;
				GCC_WARN_UNUSED_VARIABLE = YES;
				IPHONEOS_DEPLOYMENT_TARGET = 17.0;
				MTL_ENABLE_DEBUG_INFO = INCLUDE_SOURCE;
				MTL_FAST_MATH = YES;
				ONLY_ACTIVE_ARCH = YES;
				PRODUCT_NAME = "$(TARGET_NAME)";
				SDKROOT = iphoneos;
				SWIFT_ACTIVE_COMPILATION_CONDITIONS = DEBUG;
				SWIFT_OPTIMIZATION_LEVEL = "-Onone";
				SWIFT_VERSION = 5.0;
			};
			name = Debug;
		};
/* End XCBuildConfiguration section */

/* Begin XCConfigurationList section */
		0AAEEE4B6FB4D4A7E9A6ADC3 /* Build configuration list for PBXNativeTarget "GemmaScreen" */ = {
			isa = XCConfigurationList;
			buildConfigurations = (
				99AA4EB279C246C54A1914B9 /* Debug */,
				0AED9ECC460443D6F30AA6E9 /* Release */,
			);
			defaultConfigurationIsVisible = 0;
			defaultConfigurationName = Debug;
		};
		BE4009DA079B277B1C71EAD7 /* Build configuration list for PBXProject "GemmaScreen" */ = {
			isa = XCConfigurationList;
			buildConfigurations = (
				D9657EC462A688301E48DE65 /* Debug */,
				06ADE08B3F35B32265527854 /* Release */,
			);
			defaultConfigurationIsVisible = 0;
			defaultConfigurationName = Debug;
		};
/* End XCConfigurationList section */

/* Begin XCLocalSwiftPackageReference section */
		951889DA249AD118EE41AA26 /* XCLocalSwiftPackageReference "." */ = {
			isa = XCLocalSwiftPackageReference;
			relativePath = .;
		};
/* End XCLocalSwiftPackageReference section */

/* Begin XCSwiftPackageProductDependency section */
		A6EB668DD5DD39CE5114C3AA /* GlimmerIOS */ = {
			isa = XCSwiftPackageProductDependency;
			productName = GlimmerIOS;
		};
/* End XCSwiftPackageProductDependency section */
	};
	rootObject = 2746B6F41769054D68D58FD4 /* Project object */;
}
